# This file is automatically @generated by Poetry 2.4.1 and should not be changed by hand.

[[package]]
name = "annotated-types"
version = "0.7.0"
description = "Reusable constraint types to use with typing.Annotated"
optional = false
python-versions = ">=3.8"
groups = ["main"]
files = [
    {file = "annotated_types-0.7.0-py3-none-any.whl", hash = "sha256:1f02e8b43a8fbbc3f3e0d4f0f4bfc8131bcb4eebe8849b8e5c773f3a1c582a53"},
    {file = "annotated_types-0.7.0.tar.gz", hash = "sha256:aff07c09a53a08bc8cfccb9c85b05f1aa9a2a6f23728d790723543408344ce89"},
]

[[package]]
name = "librt"
version = "0.11.0"
description = "Mypyc runtime library"
optional = false
python-versions = ">=3.9"
groups = ["main"]
markers = "platform_python_implementation != \"PyPy\""
files = [
    {file = "librt-0.11.0-cp310-cp310-macosx_10_9_x86_64.whl", hash = "sha256:6e94ebfcfa2d5e9926d6c3b9aa4617ffc42a845b4321fb84021b872358c82a0f"},
    {file = "librt-0.11.0-cp310-cp310-macosx_11_0_arm64.whl", hash = "sha256:ae627397a2f351560440d872d6f7c8dbb4072e57868e7b2fc5b8b430fe489d45"},
    {file = "librt-0.11.0-cp310-cp310-manylinux2014_aarch64.manylinux_2_17_aarch64.manylinux_2_28_aarch64.whl", hash = "sha256:dc329359321b67d24efdf4bc69012b0597001649544db662c001db5a0184794c"},
    {file = "librt-0.11.0-cp310-cp310-manylinux2014_i686.manylinux_2_17_i686.manylinux_2_28_i686.whl", hash = "sha256:7e82e642ab0f7608ce2fe53d76ca2280a9ee33a1b06556142c7c6fe80a86fc33"},
    {file = "librt-0.11.0-cp310-cp310-manylinux2014_x86_64.manylinux_2_17_x86_64.manylinux_2_28_x86_64.whl", hash = "sha256:88145c15c67731d54283d135b03244028c750cc9edc334a96a4f5950ebdb2884"},
    {file = "librt-0.11.0-cp310-cp310-manylinux_2_34_riscv64.manylinux_2_39_riscv64.whl", hash = "sha256:9d36a51b3d93320b686588e27123f4995804dbf1bce81df78c02fc3c6eea9280"},
    {file = "librt-0.11.0-cp310-cp310-musllinux_1_2_aarch64.whl", hash = "sha256:d00f3ac06a2a8b246327f11e186a53a100a4d5c7ed52346367e5ec751d51586c"},
    {file = "librt-0.11.0-cp310-cp310-musllinux_1_2_i686.whl", hash = "sha256:461bbceede621f1ffb8839755f8663e886087ee7af16294cab7fb4d782c62eeb"},
    {file = "librt-0.11.0-cp310-cp310-musllinux_1_2_riscv64.whl", hash = "sha256:0cad8a4d6a8ff03c9b76f9414caccd78e7cfbc8a2e12fa334d8e1d9932753783"},
    {file = "librt-0.11.0-cp310-cp310-musllinux_1_2_x86_64.whl", hash = "sha256:f37aa505b3cf60701562eddb32df74b12a9e380c207fd8b06dd157a943ac7ea0"},
    {file = "librt-0.11.0-cp310-cp310-win32.whl", hash = "sha256:94663a21534637f0e787ec2a2a756022df6e5b7b2335a5cdd7d8e33d68a2af89"},
    {file = "librt-0.11.0-cp310-cp310-win_amd64.whl", hash = "sha256:dec7db73758c2b54953fd8b7fe348c45188fe26b39ee18446196edd08453a5d4"},
    {file = "librt-0.11.0-cp311-cp311-macosx_10_9_x86_64.whl", hash = "sha256:93d95bd45b7d58343d8b90d904450a545144eec19a002511163426f8ab1fae29"},
    {file = "librt-0.11.0-cp311-cp311-macosx_11_0_arm64.whl", hash = "sha256:4ee278c769a713638cdacd4c0436d72156e75df3ebc0166ab2b9dc43acc386c9"},
    {file = "librt-0.11.0-cp311-cp311-manylinux2014_aarch64.manylinux_2_17_aarch64.manylinux_2_28_aarch64.whl", hash = "sha256:f230cb1cbc9faaa616f9a678f530ebcf186e414b6bcbd88b960e4ba1b92428d5"},
    {file = "librt-0.11.0-cp311-cp311-manylinux2014_i686.manylinux_2_17_i686.manylinux_2_28_i686.whl", hash = "sha256:5d63c855d86938d9de93e265c9bd8c705b51ec494de5738340ee93767a686e4b"},
    {file = "librt-0.11.0-cp311-cp311-manylinux2014_x86_64.manylinux_2_17_x86_64.manylinux_2_28_x86_64.whl", hash = "sha256:993f028be9e96a08d31df3479ac80d99be374d17f3b78e4796b3fd3c913d4e89"},
    {file = "librt-0.11.0-cp311-cp311-manylinux_2_34_riscv64.manylinux_2_39_riscv64.whl", hash = "sha256:258d73a0aa66a055e65b2e4d1b8cdb23b9d132c5bb915d9547d804fcaed116cc"},
    {file = "librt-0.11.0-cp311-cp311-musllinux_1_2_aarch64.whl", hash = "sha256:0827efe7854718f04aaddf6496e96960a956e676fe1d0f04eb41511fd8ad06d5"},
    {file = "librt-0.11.0-cp311-cp311-musllinux_1_2_i686.whl", hash = "sha256:7753e57d6e12d019c0d8786f1c09c709f4c3fcc57c3887b24e36e6c06ec938b7"},
    {file = "librt-0.11.0-cp311-cp311-musllinux_1_2_riscv64.whl", hash = "sha256:11bd19822431cc21af9f27374e7ae2e58103c7d98bda823536a6c47f6bb2bb3d"},
    {file = "librt-0.11.0-cp311-cp311-musllinux_1_2_x86_64.whl", hash = "sha256:22bdf239b219d3993761a148ffa134b19e52e9989c84f845d5d7b71d70a17412"},
    {file = "librt-0.11.0-cp311-cp311-win32.whl", hash = "sha256:46c60b61e308eb535fbd6fa622b1ee1bb2815691c1ad9c98bf7b84952ec3bc8d"},
    {file = "librt-0.11.0-cp311-cp311-win_amd64.whl", hash = "sha256:902e546ff044f579ff1c953ff5fce97b636fe9e3943996b2177710c6ef076f73"},
    {file = "librt-0.11.0-cp311-cp311-win_arm64.whl", hash = "sha256:65ac3bc20f78aa0ee5ae84baa68917f89fef4af63e941084dd019a0d0e749f0c"},
    {file = "librt-0.11.0-cp312-cp312-macosx_10_13_x86_64.whl", hash = "sha256:b87504f1690a23b9a2cca841191a04f83895d4fc2dd04df91d82b1a04ca2ad46"},
    {file = "librt-0.11.0-cp312-cp312-macosx_11_0_arm64.whl", hash = "sha256:40071fc5fe0ce8daa6de616702314a01e1250711682b0523d6ab8d4525910cb3"},
    {file = "librt-0.11.0-cp312-cp312-manylinux2014_aarch64.manylinux_2_17_aarch64.manylinux_2_28_aarch64.whl", hash = "sha256:137e79445c896a0ea7b265f52d23954e05b64222ee1af69e2cb34219067cbb67"},
    {file = "librt-0.11.0-cp312-cp312-manylinux2014_i686.manylinux_2_17_i686.manylinux_2_28_i686.whl", hash = "sha256:cca6644054e78746d8d4ef238681f9c34ff8b584fe6b988ecebb8db3b15e622a"},
    {file = "librt-0.11.0-cp312-cp312-manylinux2014_x86_64.manylinux_2_17_x86_64.manylinux_2_28_x86_64.whl", hash = "sha256:d5b0eea49f5562861ee8d757a32ef7d559c1d35be2aaaa1ec28941d74c9ffc8a"},
    {file = "librt-0.11.0-cp312-cp312-manylinux_2_34_riscv64.manylinux_2_39_riscv64.whl", hash = "sha256:0d1029d7e1ae1a7e647ed6fb5df8c4ce2dffefb7a9f5fd1376a4554d96dac09f"},
    {file = "librt-0.11.0-cp312-cp312-musllinux_1_2_aarch64.whl", hash = "sha256:bc3ce6b33c5828d9e80592011a5c584cb2ce86edbc4088405f70da47dc1d1b3b"},
    {file = "librt-0.11.0-cp312-cp312-musllinux_1_2_i686.whl", hash = "sha256:936c5995f3514a42111f20099397d8177c79b4d7e70961e396c6f5a0a3566766"},
    {file = "librt-0.11.0-cp312-cp312-musllinux_1_2_riscv64.whl", hash = "sha256:9bc0ca6ad9381cbe8e4aa6e5726e4c80c78115a6e9723c599ed1d73e092bc49d"},
    {file = "librt-0.11.0-cp312-cp312-musllinux_1_2_x86_64.whl", hash = "sha256:070aa8c26c0a74774317a72df8851facc7f0f012a5b406557ac56992d92e1ec8"},
    {file = "librt-0.11.0-cp312-cp312-win32.whl", hash = "sha256:6bf14feb84b05ae945277395451998c89c54d0def4070eb5c08de544930b245a"},
    {file = "librt-0.11.0-cp312-cp312-win_amd64.whl", hash = "sha256:75672f0bc524ede266287d532d7923dbce94c7514ad07627bac3d0c6d92cc4d9"},
    {file = "librt-0.11.0-cp312-cp312-win_arm64.whl", hash = "sha256:2f10cf143e4a9bb0f4f5af568a00df94a2d69ef41c2579584454bb0fe5cc642c"},
    {file = "librt-0.11.0-cp313-cp313-macosx_10_13_x86_64.whl", hash = "sha256:78dc31f7fdfe9c9d0eb0e8f42d139db230e826415bbcabd9f0e9faaaee909894"},
    {file = "librt-0.11.0-cp313-cp313-macosx_11_0_arm64.whl", hash = "sha256:fa475675db22290c3158e1d42326d0f5a65f04f44a0e68c3630a25b53560fb9c"},
    {file = "librt-0.11.0-cp313-cp313-manylinux2014_aarch64.manylinux_2_17_aarch64.manylinux_2_28_aarch64.whl", hash = "sha256:621db29691044bdeda22e789e482e1b0f3a985d90e3426c9c6d17606416205ea"},
    {file = "librt-0.11.0-cp313-cp313-manylinux2014_i686.manylinux_2_17_i686.manylinux_2_28_i686.whl", hash = "sha256:a9010e2ed5b3a9e158c5fd966b3ab7e834bb3d3aacc8f66c91dd4b57a3799230"},
    {file = "librt-0.11.0-cp313-cp313-manylinux2014_x86_64.manylinux_2_17_x86_64.manylinux_2_28_x86_64.whl", hash = "sha256:7c39513d8b7477a2e1ed8c43fc21c524e8d5a0f8d4e8b7b074dbdbe7820a08e2"},
    {file = "librt-0.11.0-cp313-cp313-manylinux_2_34_riscv64.manylinux_2_39_riscv64.whl", hash = "sha256:7aef3cf1d5af86e770ab04bfd993dfc4ae8b8c17f66fb77dd4a7d50de7bbb1a3"},
    {file = "librt-0.11.0-cp313-cp313-musllinux_1_2_aarch64.whl", hash = "sha256:557183ddc36babe46b27dd60facbd5adb4492181a5be887587d57cda6e092f21"},
    {file = "librt-0.11.0-cp313-cp313-musllinux_1_2_i686.whl", hash = "sha256:83d3e1f72bd42f6c5c0b7daec530c3f829bd02db42c70b8ddf0c2d90a2459930"},
    {file = "librt-0.11.0-cp313-cp313-musllinux_1_2_riscv64.whl", hash = "sha256:4ce1f21fbe589bc1afd7872dece84fb0e1144f794a288e58a10d2c54a55c43be"},
    {file = "librt-0.11.0-cp313-cp313-musllinux_1_2_x86_64.whl", hash = "sha256:970b09f7044ea2b64c9da42fd3d335666518cfd1c6e8a182c95da73d0214b41e"},
    {file = "librt-0.11.0-cp313-cp313-win32.whl", hash = "sha256:78fddc31cd4d3caa897ad5d31f856b1faadc9474021ad6cb182b9018793e254e"},
    {file = "librt-0.11.0-cp313-cp313-win_amd64.whl", hash = "sha256:8ca8aa88751a775870b764e93bad5135385f563cb8dcee399abf034ea4d3cb47"},
    {file = "librt-0.11.0-cp313-cp313-win_arm64.whl", hash = "sha256:96f044bb325fd9cf1a723015638c219e9143f0dfbc0ca54c565df2b7fc748b44"},
    {file = "librt-0.11.0-cp314-cp314-macosx_10_13_x86_64.whl", hash = "sha256:4a017a95e5837dc15a8c5661d60e05daa96b90908b1aa6b7acdf443cd25c8ebd"},
    {file = "librt-0.11.0-cp314-cp314-macosx_11_0_arm64.whl", hash = "sha256:b1ecbd9819deccc39b7542bf4d2a740d8a620694d39989e58661d3763458f8d4"},
    {file = "librt-0.11.0-cp314-cp314-manylinux2014_aarch64.manylinux_2_17_aarch64.manylinux_2_28_aarch64.whl", hash = "sha256:7da327dacd7be8f8ec36547373550744a3cc0e536d54665cd83f8bcd961200e8"},
    {file = "librt-0.11.0-cp314-cp314-manylinux2014_i686.manylinux_2_17_i686.manylinux_2_28_i686.whl", hash = "sha256:0dc56b1f8d06e60db362cc3fdae206681817f86ce4725d34511473487f12a34b"},
    {file = "librt-0.11.0-cp314-cp314-manylinux2014_x86_64.manylinux_2_17_x86_64.manylinux_2_28_x86_64.whl", hash = "sha256:05fb8fb2ab90e21c8d12ea240d744ad514da9baf381ebfa70d91d20d21713175"},
    {file = "librt-0.11.0-cp314-cp314-manylinux_2_34_riscv64.manylinux_2_39_riscv64.whl", hash = "sha256:cae74872be221df4374d10fec61f93ed1513b9546ea84f2c0bf73ab3e9bd0b03"},
    {file = "librt-0.11.0-cp314-cp314-musllinux_1_2_aarch64.whl", hash = "sha256:32bcc918c0148eb7e3d57385125bac7e5f9e4359d05f07448b09f6f778c2f31c"},
    {file = "librt-0.11.0-cp314-cp314-musllinux_1_2_i686.whl", hash = "sha256:f9743fc99135d5f78d2454435615f6dec0473ca507c26ce9d92b10b562a280d3"},
    {file = "librt-0.11.0-cp314-cp314-musllinux_1_2_riscv64.whl", hash = "sha256:5ba067f4aadae8fda802d91d2124c90c42195ff32d9161d3549e6d05cfe26f96"},
    {file = "librt-0.11.0-cp314-cp314-musllinux_1_2_x86_64.whl", hash = "sha256:de3bf945454d032f9e390b85c4072e0a0570bf825421c8be0e71209fa65e1abe"},
    {file = "librt-0.11.0-cp314-cp314-win32.whl", hash = "sha256:d2277a05f6dcb9fd13db9566aac4fabd68c3ea1ea46ee5567d4eef8efa495a2f"},
    {file = "librt-0.11.0-cp314-cp314-win_amd64.whl", hash = "sha256:ab73e8db5e3f564d812c1f5c3a175930a5f9bc96ccb5e3b22a34d7858b401cf7"},
    {file = "librt-0.11.0-cp314-cp314-win_arm64.whl", hash = "sha256:aea3caa317752e3a466fa8af45d91ee0ea8c7fdd96e42b0a8dd9b76a7931eba1"},
    {file = "librt-0.11.0-cp314-cp314t-macosx_10_13_x86_64.whl", hash = "sha256:d1b36540d7aaf9b9101b3a6f376c8d8e9f7a9aec93ed05918f2c69d493ffef72"},
    {file = "librt-0.11.0-cp314-cp314t-macosx_11_0_arm64.whl", hash = "sha256:efbb343ab2ce3540f4ecbe6315d677ed70f37cd9a72b1e58066c918ca83acbaa"},
    {file = "librt-0.11.0-cp314-cp314t-manylinux2014_aarch64.manylinux_2_17_aarch64.manylinux_2_28_aarch64.whl", hash = "sha256:aa0dd688aab3f7914d3e6e5e3554978e0383312fb8e771d84be008a35b9ee548"},
    {file = "librt-0.11.0-cp314-cp314t-manylinux2014_i686.manylinux_2_17_i686.manylinux_2_28_i686.whl", hash = "sha256:f5fb36b8c6c63fdcbb1d526d94c0d1331610d43f4118cc1beb4efef4f3faacb2"},
    {file = "librt-0.11.0-cp314-cp314t-manylinux2014_x86_64.manylinux_2_17_x86_64.manylinux_2_28_x86_64.whl", hash = "sha256:4a9a237d13addb93715b6fee74023d5ee3469b53fce527626c0e088aa585805f"},
    {file = "librt-0.11.0-cp314-cp314t-manylinux_2_34_riscv64.manylinux_2_39_riscv64.whl", hash = "sha256:5ddd17bd87b2c56ddd60e546a7984a2e64c4e8eab92fb4cf3830a48ad5469d51"},
    {file = "librt-0.11.0-cp314-cp314t-musllinux_1_2_aarch64.whl", hash = "sha256:bd43992b4473d42f12ff9e68326079f0696d9d4e6000e8f39a0238d482ba6ee2"},
    {file = "librt-0.11.0-cp314-cp314t-musllinux_1_2_i686.whl", hash = "sha256:f8e3e8056dd674e279741485e2e512d6e9a751c7455809d0114e6ebf8d781085"},
    {file = "librt-0.11.0-cp314-cp314t-musllinux_1_2_riscv64.whl", hash = "sha256:c1f708d8ae9c56cf38a903c44297243d2ec83fd82b396b977e0144a3e76217e3"},
    {file = "librt-0.11.0-cp314-cp314t-musllinux_1_2_x86_64.whl", hash = "sha256:0add982e0e7b9fc14cf4b33789d5f13f66581889b88c2f58099f6ce8f92617bd"},
    {file = "librt-0.11.0-cp314-cp314t-win32.whl", hash = "sha256:2b481d846ac894c4e8403c5fd0e87c5d11d6499e404b474602508a224ff531c8"},
    {file = "librt-0.11.0-cp314-cp314t-win_amd64.whl", hash = "sha256:28edb433edde181112a908c78907af28f964eabc15f4dd16c9d66c834302677c"},
    {file = "librt-0.11.0-cp314-cp314t-win_arm64.whl", hash = "sha256:dee008f20b542e3cd162ba338a7f9ec0f6d23d395f66fe8aeeec3c9d067ea253"},
    {file = "librt-0.11.0-cp39-cp39-macosx_10_9_x86_64.whl", hash = "sha256:6bd72d903911d995ab666dbd1871f8b1e80925a699af8063fbf50053329fb05f"},
    {file = "librt-0.11.0-cp39-cp39-macosx_11_0_arm64.whl", hash = "sha256:0ef69ac715f3cd8e5cd252cb2aebfa72c015492aacc339d5d7bf8fef3c62c677"},
    {file = "librt-0.11.0-cp39-cp39-manylinux2014_aarch64.manylinux_2_17_aarch64.manylinux_2_28_aarch64.whl", hash = "sha256:624a40c4a4ad7773315c287276cd024509b2c66ff5904f504bfc08d2c70293ab"},
    {file = "librt-0.11.0-cp39-cp39-manylinux2014_i686.manylinux_2_17_i686.manylinux_2_28_i686.whl", hash = "sha256:41dc19fe150b69716c8ece4f76773a9e8813fe3e35e032a58b4d46423fb8d7c0"},
    {file = "librt-0.11.0-cp39-cp39-manylinux2014_x86_64.manylinux_2_17_x86_64.manylinux_2_28_x86_64.whl", hash = "sha256:4e8bd98ea9c47ae90b319a087ab28dac493f1ffbc1ecd1f28fcdbf3b7e1108d1"},
    {file = "librt-0.11.0-cp39-cp39-manylinux_2_34_riscv64.manylinux_2_39_riscv64.whl", hash = "sha256:84308fc49423ce6475d1c5d1985cd69a8ca9f0325fc7d5f81bb690a3f3625d4e"},
    {file = "librt-0.11.0-cp39-cp39-musllinux_1_2_aarch64.whl", hash = "sha256:ff0fbaf5f44a21beeb0110f2ab64f45135a9536a834b79c0d1ef018f2786bbfa"},
    {file = "librt-0.11.0-cp39-cp39-musllinux_1_2_i686.whl", hash = "sha256:9c028a9442a18e266955d364ce42259136e79a7ba14d773e0d778d5f70cd56f1"},
    {file = "librt-0.11.0-cp39-cp39-musllinux_1_2_riscv64.whl", hash = "sha256:9f1692105a02bcf853f355032a5fdc5494358ef83d8fd22d16de375c85cec3f5"},
    {file = "librt-0.11.0-cp39-cp39-musllinux_1_2_x86_64.whl", hash = "sha256:7a80a71e1fda83cc752a9141e87aae7fef279538597564d670e9ce513f286192"},
    {file = "librt-0.11.0-cp39-cp39-win32.whl", hash = "sha256:140695816ddf3c86eb972981a26f35efd871c44b0c3aed44c8cd01749386617f"},
    {file = "librt-0.11.0-cp39-cp39-win_amd64.whl", hash = "sha256:92f7ff819c197fc30473190a12c2856f325ac90aabfccbeb2072d28cc2e234e3"},
    {file = "librt-0.11.0.tar.gz", hash = "sha256:075dc3ef4458a278e0195cbf6ac9d38808d9b906c5a6c7f7f79c3888276a3fb1"},
]

[[package]]
name = "mypy"
version = "1.20.2"
description = "Optional static typing for Python"
optional = false
python-versions = ">=3.10"
groups = ["main"]
files = [
    {file = "mypy-1.20.2-cp310-cp310-macosx_10_9_x86_64.whl", hash = "sha256:cf5a4db6dca263010e2c7bff081c89383c72d187ba2cf4c44759aac970e2f0c4"},
    {file = "mypy-1.20.2-cp310-cp310-macosx_11_0_arm64.whl", hash = "sha256:7b0e817b518bff7facd7f85ea05b643ad8bdcce684cf29784987b0a7c8e1f997"},
    {file = "mypy-1.20.2-cp310-cp310-manylinux2014_aarch64.manylinux_2_17_aarch64.manylinux_2_28_aarch64.whl", hash = "sha256:97d7b9a485b40f8ca425460e89bf1da2814625b2da627c0dcc6aa46c92631d14"},
    {file = "mypy-1.20.2-cp310-cp310-manylinux2014_x86_64.manylinux_2_17_x86_64.manylinux_2_28_x86_64.whl", hash = "sha256:1e1c12f6d2db3d78b909b5f77513c11eb7f2dd2782b96a3ab6dffc7d44575c99"},
    {file = "mypy-1.20.2-cp310-cp310-musllinux_1_2_x86_64.whl", hash = "sha256:89dce27e142d25ffbc154c1819383b69f2e9234dc4ed4766f42e0e8cb264ab5c"},
    {file = "mypy-1.20.2-cp310-cp310-win_amd64.whl", hash = "sha256:f376e37f9bf2a946872fc5fd1199c99310748e3c26c7a26683f13f8bdb756cbd"},
    {file = "mypy-1.20.2-cp310-cp310-win_arm64.whl", hash = "sha256:6e2b469efd811707bc530fd1effef0f5d6eebcb7fe376affae69025da4b979a2"},
    {file = "mypy-1.20.2-cp311-cp311-macosx_10_9_x86_64.whl", hash = "sha256:4077797a273e56e8843d001e9dfe4ba10e33323d6ade647ff260e5cd97d9758c"},
    {file = "mypy-1.20.2-cp311-cp311-macosx_11_0_arm64.whl", hash = "sha256:cdecf62abcc4292500d7858aeae87a1f8f1150f4c4dd08fb0b336ee79b2a6df3"},
    {file = "mypy-1.20.2-cp311-cp311-manylinux2014_aarch64.manylinux_2_17_aarch64.manylinux_2_28_aarch64.whl", hash = "sha256:c566c3a88b6ece59b3d70f65bedef17304f48eb52ff040a6a18214e1917b3254"},
    {file = "mypy-1.20.2-cp311-cp311-manylinux2014_x86_64.manylinux_2_17_x86_64.manylinux_2_28_x86_64.whl", hash = "sha256:0deb80d062b2479f2c87ae568f89845afc71d11bc41b04179e58165fd9f31e98"},
    {file = "mypy-1.20.2-cp311-cp311-musllinux_1_2_x86_64.whl", hash = "sha256:bba9ad231e92a3e424b3e56b65aa17704993425bba97e302c832f9466bb85bac"},
    {file = "mypy-1.20.2-cp311-cp311-win_amd64.whl", hash = "sha256:baf593f2765fa3a6b1ef95807dbaa3d25b594f6a52adcc506a6b9cb115e1be67"},
    {file = "mypy-1.20.2-cp311-cp311-win_arm64.whl", hash = "sha256:20175a1c0f49863946ec20b7f63255768058ac4f07d2b9ded6a6b46cfb5a9100"},
    {file = "mypy-1.20.2-cp312-cp312-macosx_10_13_x86_64.whl", hash = "sha256:4dbfcf869f6b0517f70cf0030ba6ea1d6645e132337a7d5204a18d8d5636c02b"},
    {file = "mypy-1.20.2-cp312-cp312-macosx_11_0_arm64.whl", hash = "sha256:4b6481b228d072315b053210b01ac320e1be243dc17f9e5887ef167f23f5fae4"},
    {file = "mypy-1.20.2-cp312-cp312-manylinux2014_aarch64.manylinux_2_17_aarch64.manylinux_2_28_aarch64.whl", hash = "sha256:34397cdced6b90b836e38182076049fdb41424322e0b0728c946b0939ebdf9f6"},
    {file = "mypy-1.20.2-cp312-cp312-manylinux2014_x86_64.manylinux_2_17_x86_64.manylinux_2_28_x86_64.whl", hash = "sha256:a5da6976f20cae27059ea8d0c86e7cef3de720e04c4bb9ee18e3690fdb792066"},
    {file = "mypy-1.20.2-cp312-cp312-musllinux_1_2_x86_64.whl", hash = "sha256:56908d7e08318d39f85b1f0c6cfd47b0cac1a130da677630dac0de3e0623e102"},
    {file = "mypy-1.20.2-cp312-cp312-win_amd64.whl", hash = "sha256:d52ad8d78522da1d308789df651ee5379088e77c76cb1994858d40a426b343b9"},
    {file = "mypy-1.20.2-cp312-cp312-win_arm64.whl", hash = "sha256:785b08db19c9f214dc37d65f7c165d19a30fcecb48abfa30f31b01b5acaabb58"},
    {file = "mypy-1.20.2-cp313-cp313-macosx_10_13_x86_64.whl", hash = "sha256:edfbfca868cdd6bd8d974a60f8a3682f5565d3f5c99b327640cedd24c4264026"},
    {file = "mypy-1.20.2-cp313-cp313-macosx_11_0_arm64.whl", hash = "sha256:e2877a02380adfcdbc69071a0f74d6e9dbbf593c0dc9d174e1f223ffd5281943"},
    {file = "mypy-1.20.2-cp313-cp313-manylinux2014_aarch64.manylinux_2_17_aarch64.manylinux_2_28_aarch64.whl", hash = "sha256:7488448de6007cd5177c6cea0517ac33b4c0f5ee9b5e9f2be51ce75511a85517"},
    {file = "mypy-1.20.2-cp313-cp313-manylinux2014_x86_64.manylinux_2_17_x86_64.manylinux_2_28_x86_64.whl", hash = "sha256:bb9c2fa06887e21d6a3a868762acb82aec34e2c6fd0174064f27c93ede68ad15"},
    {file = "mypy-1.20.2-cp313-cp313-musllinux_1_2_x86_64.whl", hash = "sha256:9d56a78b646f2e3daa865bc70cd5ec5a46c50045801ca8ff17a0c43abc97e3ee"},
    {file = "mypy-1.20.2-cp313-cp313-win_amd64.whl", hash = "sha256:2a4102b03bb7481d9a91a6da8d174740c9c8c4401024684b9ca3b7cc5e49852f"},
    {file = "mypy-1.20.2-cp313-cp313-win_arm64.whl", hash = "sha256:a95a9248b0c6fd933a442c03c3b113c3b61320086b88e2c444676d3fd1ca3330"},
    {file = "mypy-1.20.2-cp314-cp314-macosx_10_15_x86_64.whl", hash = "sha256:419413398fe250aae057fd2fe50166b61077083c9b82754c341cf4fd73038f30"},
    {file = "mypy-1.20.2-cp314-cp314-macosx_11_0_arm64.whl", hash = "sha256:e73c07f23009962885c197ccb9b41356a30cc0e5a1d0c2ea8fd8fb1362d7f924"},
    {file = "mypy-1.20.2-cp314-cp314-manylinux2014_aarch64.manylinux_2_17_aarch64.manylinux_2_28_aarch64.whl", hash = "sha256:0c64e5973df366b747646fc98da921f9d6eba9716d57d1db94a83c026a08e0fb"},
    {file = "mypy-1.20.2-cp314-cp314-manylinux2014_x86_64.manylinux_2_17_x86_64.manylinux_2_28_x86_64.whl", hash = "sha256:5a65aa591af023864fd08a97da9974e919452cfe19cb146c8a5dc692626445dc"},
    {file = "mypy-1.20.2-cp314-cp314-musllinux_1_2_x86_64.whl", hash = "sha256:4fef51b01e638974a6e69885687e9bd40c8d1e09a6cd291cca0619625cf1f558"},
    {file = "mypy-1.20.2-cp314-cp314-win_amd64.whl", hash = "sha256:913485a03f1bcf5d279409a9d2b9ed565c151f61c09f29991e5faa14033da4c8"},
    {file = "mypy-1.20.2-cp314-cp314-win_arm64.whl", hash = "sha256:c3bae4f855d965b5453784300c12ffc63a548304ac7f99e55d4dc7c898673aa3"},
    {file = "mypy-1.20.2-cp314-cp314t-macosx_10_15_x86_64.whl", hash = "sha256:2de3dcea53babc1c3237a19002bc3d228ce1833278f093b8d619e06e7cc79609"},
    {file = "mypy-1.20.2-cp314-cp314t-macosx_11_0_arm64.whl", hash = "sha256:52b176444e2e5054dfcbcb8c75b0b719865c96247b37407184bbfca5c353f2c2"},
    {file = "mypy-1.20.2-cp314-cp314t-manylinux2014_aarch64.manylinux_2_17_aarch64.manylinux_2_28_aarch64.whl", hash = "sha256:688c3312e5dadb573a2c69c82af3a298d43ecf9e6d264e0f95df960b5f6ac19c"},
    {file = "mypy-1.20.2-cp314-cp314t-manylinux2014_x86_64.manylinux_2_17_x86_64.manylinux_2_28_x86_64.whl", hash = "sha256:29752dbbf8cc53f89f6ac096d363314333045c257c9c75cbd189ca2de0455744"},
    {file = "mypy-1.20.2-cp314-cp314t-musllinux_1_2_x86_64.whl", hash = "sha256:803203d2b6ea644982c644895c2f78b28d0e208bba7b27d9b921e0ec5eb207c6"},
    {file = "mypy-1.20.2-cp314-cp314t-win_amd64.whl", hash = "sha256:9bcb8aa397ff0093c824182fd76a935a9ba7ad097fcbef80ae89bf6c1731d8ec"},
    {file = "mypy-1.20.2-cp314-cp314t-win_arm64.whl", hash = "sha256:e061b58443f1736f8a37c48978d7ab581636d6ab03e3d4f99e3fa90463bb9382"},
    {file = "mypy-1.20.2-py3-none-any.whl", hash = "sha256:a94c5a76ab46c5e6257c7972b6c8cff0574201ca7dc05647e33e795d78680563"},
    {file = "mypy-1.20.2.tar.gz", hash = "sha256:e8222c26daaafd9e8626dec58ae36029f82585890589576f769a650dd20fd665"},
]

[package.dependencies]
librt = {version = ">=0.8.0", markers = "platform_python_implementation != \"PyPy\""}
mypy_extensions = ">=1.0.0"
pathspec = ">=1.0.0"
typing_extensions = [
    {version = ">=4.6.0", markers = "python_version < \"3.15\""},
    {version = ">=4.14.0", markers = "python_version >= \"3.15\""},
]

[package.extras]
dmypy = ["psutil (>=4.0)"]
faster-cache = ["orjson"]
install-types = ["pip"]
mypyc = ["setuptools (>=50)"]
native-parser = ["ast-serialize (>=0.1.1,<1.0.0)"]
reports = ["lxml"]

[[package]]
name = "mypy-extensions"
version = "1.1.0"
description = "Type system extensions for programs checked with the mypy type checker."
optional = false
python-versions = ">=3.8"
groups = ["main"]
files = [
    {file = "mypy_extensions-1.1.0-py3-none-any.whl", hash = "sha256:1be4cccdb0f2482337c4743e60421de3a356cd97508abadd57d47403e94f5505"},
    {file = "mypy_extensions-1.1.0.tar.gz", hash = "sha256:52e68efc3284861e772bbcd66823fde5ae21fd2fdb51c62a211403730b916558"},
]

[[package]]
name = "pathspec"
version = "1.1.1"
description = "Utility library for gitignore style pattern matching of file paths."
optional = false
python-versions = ">=3.9"
groups = ["main"]
files = [
    {file = "pathspec-1.1.1-py3-none-any.whl", hash = "sha256:a00ce642f577bf7f473932318056212bc4f8bfdf53128c78bbd5af0b9b20b189"},
    {file = "pathspec-1.1.1.tar.gz", hash = "sha256:17db5ecd524104a120e173814c90367a96a98d07c45b2e10c2f3919fff91bf5a"},
]

[package.extras]
hyperscan = ["hyperscan (>=0.7)"]
optional = ["typing-extensions (>=4)"]
re2 = ["google-re2 (>=1.1)"]

[[package]]
name = "pycodestyle"
version = "2.14.0"
description = "Python style guide checker"
optional = false
python-versions = ">=3.9"
groups = ["main"]
files = [
    {file = "pycodestyle-2.14.0-py2.py3-none-any.whl", hash = "sha256:dd6bf7cb4ee77f8e016f9c8e74a35ddd9f67e1d5fd4184d86c3b98e07099f42d"},
    {file = "pycodestyle-2.14.0.tar.gz", hash = "sha256:c4b5b517d278089ff9d0abdec919cd97262a3367449ea1c8b49b91529167b783"},
]

[[package]]
name = "pydantic"
version = "2.13.4"
description = "Data validation using Python type hints"
optional = false
python-versions = ">=3.9"
groups = ["main"]
files = [
    {file = "pydantic-2.13.4-py3-none-any.whl", hash = "sha256:45a282cde31d808236fd7ea9d919b128653c8b38b393d1c4ab335c62924d9aba"},
    {file = "pydantic-2.13.4.tar.gz", hash = "sha256:c40756b57adaa8b1efeeced5c196f3f3b7c435f90e84ea7f443901bec8099ef6"},
]

[package.dependencies]
annotated-types = ">=0.6.0"
pydantic-core = "2.46.4"
typing-extensions = ">=4.14.1"
typing-inspection = ">=0.4.2"

[package.extras]
email = ["email-validator (>=2.0.0)"]
timezone = ["tzdata ; python_version >= \"3.9\" and platform_system == \"Windows\""]

[[package]]
name = "pydantic-core"
version = "2.46.4"
description = "Core functionality for Pydantic validation and serialization"
optional = false
python-versions = ">=3.9"
groups = ["main"]
files = [
    {file = "pydantic_core-2.46.4-cp310-cp310-macosx_10_12_x86_64.whl", hash = "sha256:a396dcc17e5a0b164dbe026896245a4fa9ff402edca1dff0be3d53a517f74de4"},
    {file = "pydantic_core-2.46.4-cp310-cp310-macosx_11_0_arm64.whl", hash = "sha256:da4b951fe36dc7c3a1ccb4e3cd1747c3542b8c9ceede8fc86cae054e764485f5"},
    {file = "pydantic_core-2.46.4-cp310-cp310-manylinux_2_17_aarch64.manylinux2014_aarch64.whl", hash = "sha256:bb63e0198ca18aad131c089b9204c23079c3afa95487e561f4c522d519e55aba"},
    {file = "pydantic_core-2.46.4-cp310-cp310-manylinux_2_17_armv7l.manylinux2014_armv7l.whl", hash = "sha256:f47286a97f0bc9b8859519809077b91b2cefe4ae47fcbf5e466a009c1c5d742b"},
    {file = "pydantic_core-2.46.4-cp310-cp310-manylinux_2_17_ppc64le.manylinux2014_ppc64le.whl", hash = "sha256:905a0ed8ea6f2d61c1738835f99b699348d7857379083e5fc497fa0c967a407c"},
    {file = "pydantic_core-2.46.4-cp310-cp310-manylinux_2_17_s390x.manylinux2014_s390x.whl", hash = "sha256:ea793e075b70290d89d8142074262885d3f7da19634845135751bd6344f73b50"},
    {file = "pydantic_core-2.46.4-cp310-cp310-manylinux_2_17_x86_64.manylinux2014_x86_64.whl", hash = "sha256:395aebd9183f9d112f569aeb5b2214d1a10a33bec8456447f7fbdfa51d38d4cd"},
    {file = "pydantic_core-2.46.4-cp310-cp310-manylinux_2_31_riscv64.whl", hash = "sha256:b078afbc25f3a1436c7a1d2cd3e322497ee99615ba97c563566fdf46aff1ee01"},
    {file = "pydantic_core-2.46.4-cp310-cp310-manylinux_2_5_i686.manylinux1_i686.whl", hash = "sha256:f747929cf940cddb5b3668a390056ddd5ba2e5010615ea2dcf4f9c4f3ab8791d"},
    {file = "pydantic_core-2.46.4-cp310-cp310-musllinux_1_1_aarch64.whl", hash = "sha256:daa27d92c36f24388fe3ad306b174781c747627f134452e4f128ea00ce1fe8c4"},
    {file = "pydantic_core-2.46.4-cp310-cp310-musllinux_1_1_armv7l.whl", hash = "sha256:19e51f073cd3df251856a8a4189fbdf1de4012c3ebacfb1884f94f1eb406079f"},
    {file = "pydantic_core-2.46.4-cp310-cp310-musllinux_1_1_x86_64.whl", hash = "sha256:c1747f85cee84c26985853c6f3d9bd3e75da5212912443fa111c113b9c246f39"},
    {file = "pydantic_core-2.46.4-cp310-cp310-win32.whl", hash = "sha256:2f84c03c8607173d16b5a854ec68a2f9079ae03237a54fb506d13af47e1d018d"},
    {file = "pydantic_core-2.46.4-cp310-cp310-win_amd64.whl", hash = "sha256:8358a950c8909158e3df31538a7e4edc2d7265a7c54b47f0864d9e5bae9dcebf"},
    {file = "pydantic_core-2.46.4-cp311-cp311-macosx_10_12_x86_64.whl", hash = "sha256:0e96592440881c74a213e5ad528e2b24d3d4f940de2766bed9010ab1d9e51594"},
    {file = "pydantic_core-2.46.4-cp311-cp311-macosx_11_0_arm64.whl", hash = "sha256:e0d65b8c354be7fb5f720c3caa8bc940bc2d20ce749c8e06135f07f8ed95dd7c"},
    {file = "pydantic_core-2.46.4-cp311-cp311-manylinux_2_17_aarch64.manylinux2014_aarch64.whl", hash = "sha256:7bfb192b3f4b9e8a89b6277b6ce787564f62cfd272055f6e685726b111dc7826"},
    {file = "pydantic_core-2.46.4-cp311-cp311-manylinux_2_17_armv7l.manylinux2014_armv7l.whl", hash = "sha256:9037063db01f09b09e237c282b6792bd4da634b5402c4e7f0c61effed7701a04"},
    {file = "pydantic_core-2.46.4-cp311-cp311-manylinux_2_17_ppc64le.manylinux2014_ppc64le.whl", hash = "sha256:fc010ab034c8c7452522748bf937df58020d256ccae0874463d1f4d01758af8e"},
    {file = "pydantic_core-2.46.4-cp311-cp311-manylinux_2_17_s390x.manylinux2014_s390x.whl", hash = "sha256:8c5dac79fa1614d1e06ca695109c6105923bd9c7d1d6c918d4e637b7e6b32fd3"},
    {file = "pydantic_core-2.46.4-cp311-cp311-manylinux_2_17_x86_64.manylinux2014_x86_64.whl", hash = "sha256:f9fa868638bf362d3d138ea55829cefb3d5f4b0d7f142234382a15e2485dbec4"},
    {file = "pydantic_core-2.46.4-cp311-cp311-manylinux_2_31_riscv64.whl", hash = "sha256:17299feefe090f2caa5b8e37222bb5f663e4935a8bfa6931d4102e5df1a9f398"},
    {file = "pydantic_core-2.46.4-cp311-cp311-manylinux_2_5_i686.manylinux1_i686.whl", hash = "sha256:4c63ebc82684aa89d9a3bcbd13d515b3be44250dc68dd3bd81526c1cb31286c3"},
    {file = "pydantic_core-2.46.4-cp311-cp311-musllinux_1_1_aarch64.whl", hash = "sha256:aaa2a54443eff1950ba5ddc6b6ccda0d9c84a364276a62f969bdf2a390650848"},
    {file = "pydantic_core-2.46.4-cp311-cp311-musllinux_1_1_armv7l.whl", hash = "sha256:18e5ceec2ab67e6d5f1a9085e5a24c9c4e2ac4545730bfe668680bca05e555f3"},
    {file = "pydantic_core-2.46.4-cp311-cp311-musllinux_1_1_x86_64.whl", hash = "sha256:a0f62d0a58f4e7da165457e995725421e0064f2255d8eccebc49f41bbc23b109"},
    {file = "pydantic_core-2.46.4-cp311-cp311-win32.whl", hash = "sha256:041bde0a48fd37cf71cab1c9d56d3e8625a3793fef1f7dd232b3ff37e978ecda"},
    {file = "pydantic_core-2.46.4-cp311-cp311-win_amd64.whl", hash = "sha256:6f2eeda33a839975441c86a4119e1383c50b47faf0cbb5176985565c6bb02c33"},
    {file = "pydantic_core-2.46.4-cp311-cp311-win_arm64.whl", hash = "sha256:14f4c5d6db102bd796a627bbb3a17b4cf4574b9ae861d8b7c9a9661c6dd3362d"},
    {file = "pydantic_core-2.46.4-cp312-cp312-macosx_10_12_x86_64.whl", hash = "sha256:3245406455a5d98187ec35530fd772b1d799b26667980872c8d4614991e2c4a2"},
    {file = "pydantic_core-2.46.4-cp312-cp312-macosx_11_0_arm64.whl", hash = "sha256:962ccbab7b642487b1d8b7df90ef677e03134cf1fd8880bf698649b22a69371f"},
    {file = "pydantic_core-2.46.4-cp312-cp312-manylinux_2_17_aarch64.manylinux2014_aarch64.whl", hash = "sha256:8233f2947cf85404441fd7e0085f53b10c93e0ee78611099b5c7237e36aacbf7"},
    {file = "pydantic_core-2.46.4-cp312-cp312-manylinux_2_17_armv7l.manylinux2014_armv7l.whl", hash = "sha256:3a233125ac121aa3ffba9a2b59edfc4a985a76092dc8279586ab4b71390875e7"},
    {file = "pydantic_core-2.46.4-cp312-cp312-manylinux_2_17_ppc64le.manylinux2014_ppc64le.whl", hash = "sha256:5b712b53160b79a5850310b912a5ef8e57e56947c8ad690c227f5c9d7e561712"},
    {file = "pydantic_core-2.46.4-cp312-cp312-manylinux_2_17_s390x.manylinux2014_s390x.whl", hash = "sha256:9401557acd873c3a7f3eb9383edef8ac4968f9510e340f4808d427e75667e7b4"},
    {file = "pydantic_core-2.46.4-cp312-cp312-manylinux_2_17_x86_64.manylinux2014_x86_64.whl", hash = "sha256:926c9541b14b12b1681dca8a0b75feb510b06c6341b70a8e500c2fdcff837cce"},
    {file = "pydantic_core-2.46.4-cp312-cp312-manylinux_2_31_riscv64.whl", hash = "sha256:56cb4851bcaf3d117eddcef4fe66afd750a50274b0da8e22be256d10e5611987"},
    {file = "pydantic_core-2.46.4-cp312-cp312-manylinux_2_5_i686.manylinux1_i686.whl", hash = "sha256:c68fcd102d71ea85c5b2dfac3f4f8476eff42a9e078fd5faefff6d145063536b"},
    {file = "pydantic_core-2.46.4-cp312-cp312-musllinux_1_1_aarch64.whl", hash = "sha256:b2f69dec1725e79a012d920df1707de5caf7ed5e08f3be4435e25803efc47458"},
    {file = "pydantic_core-2.46.4-cp312-cp312-musllinux_1_1_armv7l.whl", hash = "sha256:8d0820e8192167f80d88d64038e609c31452eeca865b4e1d9950a27a4609b00b"},
    {file = "pydantic_core-2.46.4-cp312-cp312-musllinux_1_1_x86_64.whl", hash = "sha256:fbdb89b3e1c94a30cc5edfce477c6e6a5dc4d8f84665b455c27582f211a1c72c"},
    {file = "pydantic_core-2.46.4-cp312-cp312-win32.whl", hash = "sha256:9aa768456404a8bf48a4406685ac2bec8e72b62c69313734fa3b73cf33b3a894"},
    {file = "pydantic_core-2.46.4-cp312-cp312-win_amd64.whl", hash = "sha256:e9c26f834c65f5752f3f06cb08cb86a913ceb7274d0db6e267808a708b46bc89"},
    {file = "pydantic_core-2.46.4-cp312-cp312-win_arm64.whl", hash = "sha256:4fc73cb559bdb54b1134a706a2802a4cddd27a0633f5abb7e53056268751ac6a"},
    {file = "pydantic_core-2.46.4-cp313-cp313-macosx_10_12_x86_64.whl", hash = "sha256:5d5902252db0d3cedf8d4a1bc68f70eeb430f7e4c7104c8c476753519b423008"},
    {file = "pydantic_core-2.46.4-cp313-cp313-macosx_11_0_arm64.whl", hash = "sha256:c94f0688e7b8d0a67abf40e57a7eaaecd17cc9586706a31b76c031f63df052b4"},
    {file = "pydantic_core-2.46.4-cp313-cp313-manylinux_2_17_aarch64.manylinux2014_aarch64.whl", hash = "sha256:f027324c56cd5406ca49c124b0db10e56c69064fec039acc571c29020cc87c76"},
    {file = "pydantic_core-2.46.4-cp313-cp313-manylinux_2_17_armv7l.manylinux2014_armv7l.whl", hash = "sha256:e739fee756ba1010f8bcccb534252e85a35fe45ae92c295a06059ce58b74ccd3"},
    {file = "pydantic_core-2.46.4-cp313-cp313-manylinux_2_17_ppc64le.manylinux2014_ppc64le.whl", hash = "sha256:9d56801be94b86a9da183e5f3766e6310752b99ff647e38b09a9500d88e46e76"},
    {file = "pydantic_core-2.46.4-cp313-cp313-manylinux_2_17_s390x.manylinux2014_s390x.whl", hash = "sha256:2412e734dcb48da14d4e4006b82b46b74f2518b8a26ee7e58c6844a6cd6d03c4"},
    {file = "pydantic_core-2.46.4-cp313-cp313-manylinux_2_17_x86_64.manylinux2014_x86_64.whl", hash = "sha256:9551187363ffc0de2a00b2e47c25aeaeb1020b69b668762966df15fc5659dd5a"},
    {file = "pydantic_core-2.46.4-cp313-cp313-manylinux_2_31_riscv64.whl", hash = "sha256:0186750b482eefa11d7f435892b09c5c606193ef3375bcf94aa00ae6bfb66262"},
    {file = "pydantic_core-2.46.4-cp313-cp313-manylinux_2_5_i686.manylinux1_i686.whl", hash = "sha256:5855698a4856556d86e8e6cd8434bc3ac0314ee8e12089ae0e143f64c6256e4e"},
    {file = "pydantic_core-2.46.4-cp313-cp313-musllinux_1_1_aarch64.whl", hash = "sha256:cbaf13819775b7f769bf4a1f066cb6df7a28d4480081a589828ef190226881cd"},
    {file = "pydantic_core-2.46.4-cp313-cp313-musllinux_1_1_armv7l.whl", hash = "sha256:633147d34cf4550417f12e2b1a0383973bdf5cdfde212cb09e9a581cf10820be"},
    {file = "pydantic_core-2.46.4-cp313-cp313-musllinux_1_1_x86_64.whl", hash = "sha256:82cf5301172168103724d49a1444d3378cb20cdee30b116a1bd6031236298a5d"},
    {file = "pydantic_core-2.46.4-cp313-cp313-win32.whl", hash = "sha256:9fa8ae11da9e2b3126c6426f147e0fba88d96d65921799bb30c6abd1cb2c97fb"},
    {file = "pydantic_core-2.46.4-cp313-cp313-win_amd64.whl", hash = "sha256:6b3ace8194b0e5204818c92802dcdca7fc6d88aabbb799d7c795540d9cd6d292"},
    {file = "pydantic_core-2.46.4-cp313-cp313-win_arm64.whl", hash = "sha256:184c081504d17f1c1066e430e117142b2c77d9448a97f7b65c6ac9fd9aee238d"},
    {file = "pydantic_core-2.46.4-cp314-cp314-macosx_10_12_x86_64.whl", hash = "sha256:428e04521a40150c85216fc8b85e8d39fece235a9cf5e383761238c7fa9b96fb"},
    {file = "pydantic_core-2.46.4-cp314-cp314-macosx_11_0_arm64.whl", hash = "sha256:23ace664830ee0bfe014a0c7bc248b1f7f25ed7ad103852c317624a1083af462"},
    {file = "pydantic_core-2.46.4-cp314-cp314-manylinux_2_17_aarch64.manylinux2014_aarch64.whl", hash = "sha256:ce5c1d2a8b27468f433ca974829c44060b8097eedc39933e3c206a90ee49c4a9"},
    {file = "pydantic_core-2.46.4-cp314-cp314-manylinux_2_17_armv7l.manylinux2014_armv7l.whl", hash = "sha256:7283d57845ecf5a163403eb0702dfc220cc4fbdd18919cb5ccea4f95ee1cdab4"},
    {file = "pydantic_core-2.46.4-cp314-cp314-manylinux_2_17_ppc64le.manylinux2014_ppc64le.whl", hash = "sha256:8daafc69c93ee8a0204506a3b6b30f586ef54028f52aeeeb5c4cfc5184fd5914"},
    {file = "pydantic_core-2.46.4-cp314-cp314-manylinux_2_17_s390x.manylinux2014_s390x.whl", hash = "sha256:cd2213145bcc2ba85884d0ac63d222fece9209678f77b9b4d76f054c561adb28"},
    {file = "pydantic_core-2.46.4-cp314-cp314-manylinux_2_17_x86_64.manylinux2014_x86_64.whl", hash = "sha256:7a5f930472650a82629163023e630d160863fce524c616f4e5186e5de9d9a49b"},
    {file = "pydantic_core-2.46.4-cp314-cp314-manylinux_2_31_riscv64.whl", hash = "sha256:c1b3f518abeca3aa13c712fd202306e145abf59a18b094a6bafb2d2bbf59192c"},
    {file = "pydantic_core-2.46.4-cp314-cp314-manylinux_2_5_i686.manylinux1_i686.whl", hash = "sha256:1a7dd0b3ee80d90150e3495a3a13ac34dbcbfd4f012996a6a1d8900e91b5c0fb"},
    {file = "pydantic_core-2.46.4-cp314-cp314-musllinux_1_1_aarch64.whl", hash = "sha256:3fb702cd90b0446a3a1c5e470bfa0dd23c0233b676a9099ddcc964fa6ca13898"},
    {file = "pydantic_core-2.46.4-cp314-cp314-musllinux_1_1_armv7l.whl", hash = "sha256:b8458003118a712e66286df6a707db01c52c0f52f7db8e4a38f0da1d3b94fc4e"},
    {file = "pydantic_core-2.46.4-cp314-cp314-musllinux_1_1_x86_64.whl", hash = "sha256:372429a130e469c9cd698925ce5fc50940b7a1336b0d82038e63d5bbc4edc519"},
    {file = "pydantic_core-2.46.4-cp314-cp314-win32.whl", hash = "sha256:85bb3611ff1802f3ee7fdd7dbff26b56f343fb432d57a4728fdd49b6ef35e2f4"},
    {file = "pydantic_core-2.46.4-cp314-cp314-win_amd64.whl", hash = "sha256:811ff8e9c313ab425368bcbb36e5c4ebd7108c2bbf4e4089cfbb0b01eff63fac"},
    {file = "pydantic_core-2.46.4-cp314-cp314-win_arm64.whl", hash = "sha256:bfec22eab3c8cc2ceec0248aec886624116dc079afa027ecc8ad4a7e62010f8a"},
    {file = "pydantic_core-2.46.4-cp314-cp314t-macosx_10_12_x86_64.whl", hash = "sha256:af8244b2bef6aaad6d92cda81372de7f8c8d36c9f0c3ea36e827c60e7d9467a0"},
    {file = "pydantic_core-2.46.4-cp314-cp314t-macosx_11_0_arm64.whl", hash = "sha256:5a4330cdbc57162e4b3aa303f588ba752257694c9c9be3e7ebb11b4aca659b5d"},
    {file = "pydantic_core-2.46.4-cp314-cp314t-manylinux_2_17_aarch64.manylinux2014_aarch64.whl", hash = "sha256:29c61fc04a3d840155ff08e475a04809278972fe6aef51e2720554e96367e34b"},
    {file = "pydantic_core-2.46.4-cp314-cp314t-manylinux_2_17_armv7l.manylinux2014_armv7l.whl", hash = "sha256:c50f2528cf200c5eed56faf3f4e22fcd5f38c157a8b78576e6ba3168ec35f000"},
    {file = "pydantic_core-2.46.4-cp314-cp314t-manylinux_2_17_ppc64le.manylinux2014_ppc64le.whl", hash = "sha256:0cbe8b01f948de4286c74cdd6c667aceb38f5c1e26f0693b3983d9d74887c65e"},
    {file = "pydantic_core-2.46.4-cp314-cp314t-manylinux_2_17_s390x.manylinux2014_s390x.whl", hash = "sha256:617d7e2ca7dcb8c5cf6bcb8c59b8832c94b36196bbf1cbd1bfb56ed341905edd"},
    {file = "pydantic_core-2.46.4-cp314-cp314t-manylinux_2_17_x86_64.manylinux2014_x86_64.whl", hash = "sha256:7027560ee92211647d0d34e3f7cd6f50da56399d26a9c8ad0da286d3869a53f3"},
    {file = "pydantic_core-2.46.4-cp314-cp314t-manylinux_2_31_riscv64.whl", hash = "sha256:f99626688942fb746e545232e7726926f3be91b5975f8b55327665fafda991c7"},
    {file = "pydantic_core-2.46.4-cp314-cp314t-manylinux_2_5_i686.manylinux1_i686.whl", hash = "sha256:fc3e9034a63de20e15e8ade85358bc6efc614008cab72898b4b4952bea0509ff"},
    {file = "pydantic_core-2.46.4-cp314-cp314t-musllinux_1_1_aarch64.whl", hash = "sha256:97e7cf2be5c77b7d1a9713a05605d49460d02c6078d38d8bef3cbe323c548424"},
    {file = "pydantic_core-2.46.4-cp314-cp314t-musllinux_1_1_armv7l.whl", hash = "sha256:3bf92c5d0e00fefaab325a4d27828fe6b6e2a21848686b5b60d2d9eeb09d76c6"},
    {file = "pydantic_core-2.46.4-cp314-cp314t-musllinux_1_1_x86_64.whl", hash = "sha256:3ecbc122d18468d06ca279dc26a8c2e2d5acb10943bb35e36ae92096dc3b5565"},
    {file = "pydantic_core-2.46.4-cp314-cp314t-win32.whl", hash = "sha256:e846ae7835bf0703ae43f534ab79a867146dadd59dc9ca5c8b53d5c8f7c9ef02"},
    {file = "pydantic_core-2.46.4-cp314-cp314t-win_amd64.whl", hash = "sha256:2108ba5c1c1eca18030634489dc544844144ee36357f2f9f780b93e7ddbb44b5"},
    {file = "pydantic_core-2.46.4-cp314-cp314t-win_arm64.whl", hash = "sha256:4fcbe087dbc2068af7eda3aa87634eba216dbda64d1ae73c8684b621d33f6596"},
    {file = "pydantic_core-2.46.4-cp39-cp39-macosx_10_12_x86_64.whl", hash = "sha256:fd8b3d9fd264be37976686c7f65cd52a83f5e84f4bfd2adf9c1d469676bbb6ae"},
    {file = "pydantic_core-2.46.4-cp39-cp39-macosx_11_0_arm64.whl", hash = "sha256:9f444c499b3eefd3a92e348059471ea0c3a6e303d9c1cec09fa748fd9f895201"},
    {file = "pydantic_core-2.46.4-cp39-cp39-manylinux_2_17_aarch64.manylinux2014_aarch64.whl", hash = "sha256:3447661d99f75a3683a4cf5c87da72f2161964611864dbbeac7fbb118bb4bfc0"},
    {file = "pydantic_core-2.46.4-cp39-cp39-manylinux_2_17_armv7l.manylinux2014_armv7l.whl", hash = "sha256:8b9bab013d1c7a79d3501ff86d0bc9c31bf587db4551677b96bec07df78c6b15"},
    {file = "pydantic_core-2.46.4-cp39-cp39-manylinux_2_17_ppc64le.manylinux2014_ppc64le.whl", hash = "sha256:d995260fdf4e1db774581b4900e0f832abe3c7c84996726bbc161b19c8f29e76"},
    {file = "pydantic_core-2.46.4-cp39-cp39-manylinux_2_17_s390x.manylinux2014_s390x.whl", hash = "sha256:f13a646d65d09fbf1bc6b3a9635d30095c8e7e5cc419ff35ecc563c5fd04cd49"},
    {file = "pydantic_core-2.46.4-cp39-cp39-manylinux_2_17_x86_64.manylinux2014_x86_64.whl", hash = "sha256:432c179df7874eeb73307aad2df0755e1ae0efa61ff0ea89b93e194411ae3928"},
    {file = "pydantic_core-2.46.4-cp39-cp39-manylinux_2_31_riscv64.whl", hash = "sha256:e68b7a074f65a2fd746c52a7ce6142ab7006074ac269ace0c25cd8ba171f8066"},
    {file = "pydantic_core-2.46.4-cp39-cp39-manylinux_2_5_i686.manylinux1_i686.whl", hash = "sha256:4a05d69cba51d852c5c3e92758653245a50c0b646ced0cf05bd793ed592839d6"},
    {file = "pydantic_core-2.46.4-cp39-cp39-musllinux_1_1_aarch64.whl", hash = "sha256:228ee9bae8bef5b1e97ec58302f80357c37199e0d0a99174e138d28e6957b9d9"},
    {file = "pydantic_core-2.46.4-cp39-cp39-musllinux_1_1_armv7l.whl", hash = "sha256:10e17cbb10a330363733efc4d7c4d0dd827ac0909b8f6a6542298fed1ea62f29"},
    {file = "pydantic_core-2.46.4-cp39-cp39-musllinux_1_1_x86_64.whl", hash = "sha256:91a06d2e259ecfbd8c901d70c3c507900458498142b3026a296b7de4d1322cc9"},
    {file = "pydantic_core-2.46.4-cp39-cp39-win32.whl", hash = "sha256:d80ee3d731373b24cebbc10d689ca4ee1875caf0d5703a245db18efd4dd37fc1"},
    {file = "pydantic_core-2.46.4-cp39-cp39-win_amd64.whl", hash = "sha256:3be77f45df024d789a672ae34f8b06fb346c4f9f46ea714956660ea4862e89ac"},
    {file = "pydantic_core-2.46.4-graalpy311-graalpy242_311_native-macosx_10_12_x86_64.whl", hash = "sha256:14d4edf427bdcf950a8a02d7cb44a08614388dd6e1bdcbf4f67504fa7887da9c"},
    {file = "pydantic_core-2.46.4-graalpy311-graalpy242_311_native-macosx_11_0_arm64.whl", hash = "sha256:0ce40cd7b21210e99342afafbd4d0f76d784eb5b1d60f3bdc566be4983c6c73b"},
    {file = "pydantic_core-2.46.4-graalpy311-graalpy242_311_native-manylinux_2_17_aarch64.manylinux2014_aarch64.whl", hash = "sha256:90884113d8b48f760e9587002789ddd741e76ab9f89518cd1e43b1f1a52ec44b"},
    {file = "pydantic_core-2.46.4-graalpy311-graalpy242_311_native-manylinux_2_17_x86_64.manylinux2014_x86_64.whl", hash = "sha256:66ce7632c22d837c95301830e111ad0128a32b8207533b60896a96c4915192ea"},
    {file = "pydantic_core-2.46.4-graalpy312-graalpy250_312_native-macosx_10_12_x86_64.whl", hash = "sha256:1d8ba486450b14f3b1d63bc521d410ec7565e52f887b9fb671791886436a42f7"},
    {file = "pydantic_core-2.46.4-graalpy312-graalpy250_312_native-macosx_11_0_arm64.whl", hash = "sha256:3009f12e4e90b7f88b4f9adb1b0c4a3d58fe7820f3238c190047209d148026df"},
    {file = "pydantic_core-2.46.4-graalpy312-graalpy250_312_native-manylinux_2_17_aarch64.manylinux2014_aarch64.whl", hash = "sha256:ad785e92e6dc634c21555edc8bd6b64957ab844541bcb96a1366c202951ae526"},
    {file = "pydantic_core-2.46.4-graalpy312-graalpy250_312_native-manylinux_2_17_x86_64.manylinux2014_x86_64.whl", hash = "sha256:00c603d540afdd6b80eb39f078f33ebd46211f02f33e34a32d9f053bba711de0"},
    {file = "pydantic_core-2.46.4-pp311-pypy311_pp73-macosx_10_12_x86_64.whl", hash = "sha256:0c563b08bca408dc7f65f700633d8442fffb2421fc47b8101377e9fd65051ff0"},
    {file = "pydantic_core-2.46.4-pp311-pypy311_pp73-macosx_11_0_arm64.whl", hash = "sha256:db06ffe51636ffe9ca531fe9023dd64bdd794be8754cb5df57c5498ae5b518a7"},
    {file = "pydantic_core-2.46.4-pp311-pypy311_pp73-manylinux_2_17_x86_64.manylinux2014_x86_64.whl", hash = "sha256:133878133d271ade3d41d1bfb2a45ec38dbdbda40bc065921c6b04e4630127e2"},
    {file = "pydantic_core-2.46.4-pp311-pypy311_pp73-manylinux_2_5_i686.manylinux1_i686.whl", hash = "sha256:9bc519fbf2b7578398853d815009ae5e4d4603d12f4e3f91da8c06852d3da3e9"},
    {file = "pydantic_core-2.46.4-pp311-pypy311_pp73-musllinux_1_1_aarch64.whl", hash = "sha256:c7a7bd4e39e8e4c12c39cd480356842b6a8a06e41b23a55a5e3e191718838ddf"},
    {file = "pydantic_core-2.46.4-pp311-pypy311_pp73-musllinux_1_1_armv7l.whl", hash = "sha256:d396ec2b979760aaf3218e76c24e65bd0aca24983298653b3a9d7a45f9e47b30"},
    {file = "pydantic_core-2.46.4-pp311-pypy311_pp73-musllinux_1_1_x86_64.whl", hash = "sha256:86e1a4418c6cd97d60c95c71164158eaf7324fae7b0923264016baa993eba6fc"},
    {file = "pydantic_core-2.46.4-pp311-pypy311_pp73-win_amd64.whl", hash = "sha256:d51026d73fcfd93610abc7b27789c26b313920fcfb20e27462d74a7f8b06e983"},
    {file = "pydantic_core-2.46.4.tar.gz", hash = "sha256:62f875393d7f270851f20523dd2e29f082bcc82292d66db2b64ea71f64b6e1c1"},
]

[package.dependencies]
typing-extensions = ">=4.14.1"

[[package]]
name = "typing-extensions"
version = "4.15.0"
description = "Backported and Experimental Type Hints for Python 3.9+"
optional = false
python-versions = ">=3.9"
groups = ["main"]
files = [
    {file = "typing_extensions-4.15.0-py3-none-any.whl", hash = "sha256:f0fa19c6845758ab08074a0cfa8b7aecb71c999ca73d62883bc25cc018c4e548"},
    {file = "typing_extensions-4.15.0.tar.gz", hash = "sha256:0cea48d173cc12fa28ecabc3b837ea3cf6f38c6d1136f85cbaaf598984861466"},
]

[[package]]
name = "typing-inspection"
version = "0.4.2"
description = "Runtime typing introspection tools"
optional = false
python-versions = ">=3.9"
groups = ["main"]
files = [
    {file = "typing_inspection-0.4.2-py3-none-any.whl", hash = "sha256:4ed1cacbdc298c220f1bd249ed5287caa16f34d44ef4e9c3d0cbad5b521545e7"},
    {file = "typing_inspection-0.4.2.tar.gz", hash = "sha256:ba561c48a67c5958007083d386c3295464928b01faa735ab8547c5692e87f464"},
]

[package.dependencies]
typing-extensions = ">=4.12.0"

[metadata]
lock-version = "2.1"
python-versions = ">=3.11, <4.0"
content-hash = "5d36976f0467694e346244639ea51a58a2fb04655f8672c13593b5db229e49bf"
